// !$*UTF8*$!
{
	archiveVersion = 1;
	classes = {
	};
	objectVersion = 46;
	objects = {

/* Begin PBXBuildFile section */
		9328EC311E12BDDC00BED413 /* RatingControl.swift in Sources */ = {isa = PBXBuildFile; fileRef = 9328EC301E12BDDC00BED413 /* RatingControl.swift */; };
		9384AB281E1BA84000CA31B3 /* Meal.swift in Sources */ = {isa = PBXBuildFile; fileRef = 9384AB271E1BA84000CA31B3 /* Meal.swift */; };
		9384AB2C1E1BC5D200CA31B3 /* MealTableViewCell.swift in Sources */ = {isa = PBXBuildFile; fileRef = 9384AB2B1E1BC5D200CA31B3 /* MealTableViewCell.swift */; };
		9384AB2E1E1BC99400CA31B3 /* MealTableViewController.swift in Sources */ = {isa = PBXBuildFile; fileRef = 9384AB2D1E1BC99400CA31B3 /* MealTableViewController.swift */; };
		93B974EC1E06C7E8007CC364 /* AppDelegate.swift in Sources */ = {isa = PBXBuildFile; fileRef = 93B974EB1E06C7E8007CC364 /* AppDelegate.swift */; };
		93B974EE1E06C7E8007CC364 /* MealViewController.swift in Sources */ = {isa = PBXBuildFile; fileRef = 93B974ED1E06C7E8007CC364 /* MealViewController.swift */; };
		93B974F11E06C7E8007CC364 /* Main.storyboard in Resources */ = {isa = PBXBuildFile; fileRef = 93B974EF1E06C7E8007CC364 /* Main.storyboard */; };
		93B974F31E06C7E8007CC364 /* Assets.xcassets in Resources */ = {isa = PBXBuildFile; fileRef = 93B974F21E06C7E8007CC364 /* Assets.xcassets */; };
		93B974F61E06C7E8007CC364 /* LaunchScreen.storyboard in Resources */ = {isa = PBXBuildFile; fileRef = 93B974F41E06C7E8007CC364 /* LaunchScreen.storyboard */; };
		93B975011E06C7E9007CC364 /* FoodTrackerTests.swift in Sources */ = {isa = PBXBuildFile; fileRef = 93B975001E06C7E9007CC364 /* FoodTrackerTests.swift */; };
/* End PBXBuildFile section */

/* Begin PBXContainerItemProxy section */
		93B974FD1E06C7E9007CC364 /* PBXContainerItemProxy */ = {
			isa = PBXContainerItemProxy;
			containerPortal = 93B974E01E06C7E7007CC364 /* Project object */;
			proxyType = 1;
			remoteGlobalIDString = 93B974E71E06C7E7007CC364;
			remoteInfo = FoodTracker;
		};
/* End PBXContainerItemProxy section */

/* Begin PBXFileReference section */
		9328EC301E12BDDC00BED413 /* RatingControl.swift */ = {isa = PBXFileReference; fileEncoding = 4; lastKnownFileType = sourcecode.swift; path = RatingControl.swift; sourceTree = "<group>"; };
		9384AB271E1BA84000CA31B3 /* Meal.swift */ = {isa = PBXFileReference; fileEncoding = 4; lastKnownFileType = sourcecode.swift; path = Meal.swift; sourceTree = "<group>"; };
		9384AB2B1E1BC5D200CA31B3 /* MealTableViewCell.swift */ = {isa = PBXFileReference; fileEncoding = 4; lastKnownFileType = sourcecode.swift; path = MealTableViewCell.swift; sourceTree = "<group>"; };
		9384AB2D1E1BC99400CA31B3 /* MealTableViewController.swift */ = {isa = PBXFileReference; fileEncoding = 4; lastKnownFileType = sourcecode.swift; path = MealTableViewController.swift; sourceTree = "<group>"; };
		93B974E81E06C7E8007CC364 /* FoodTracker.app */ = {isa = PBXFileReference; explicitFileType = wrapper.application; includeInIndex = 0; path = FoodTracker.app; sourceTree = BUILT_PRODUCTS_DIR; };
		93B974EB1E06C7E8007CC364 /* AppDelegate.swift */ = {isa = PBXFileReference; lastKnownFileType = sourcecode.swift; path = AppDelegate.swift; sourceTree = "<group>"; };
		93B974ED1E06C7E8007CC364 /* MealViewController.swift */ = {isa = PBXFileReference; lastKnownFileType = sourcecode.swift; path = MealViewController.swift; sourceTree = "<group>"; };
		93B974F01E06C7E8007CC364 /* Base */ = {isa = PBXFileReference; lastKnownFileType = file.storyboard; name = Base; path = Base.lproj/Main.storyboard; sourceTree = "<group>"; };
		93B974F21E06C7E8007CC364 /* Assets.xcassets */ = {isa = PBXFileReference; lastKnownFileType = folder.assetcatalog; path = Assets.xcassets; sourceTree = "<group>"; };
		93B974F51E06C7E8007CC364 /* Base */ = {isa = PBXFileReference; lastKnownFileType = file.storyboard; name = Base; path = Base.lproj/LaunchScreen.storyboard; sourceTree = "<group>"; };
		93B974F71E06C7E8007CC364 /* Info.plist */ = {isa = PBXFileReference; lastKnownFileType = text.plist.xml; path = Info.plist; sourceTree = "<group>"; };
		93B974FC1E06C7E8007CC364 /* FoodTrackerTests.xctest */ = {isa = PBXFileReference; explicitFileType = wrapper.cfbundle; includeInIndex = 0; path = FoodTrackerTests.xctest; sourceTree = BUILT_PRODUCTS_DIR; };
		93B975001E06C7E9007CC364 /* FoodTrackerTests.swift */ = {isa = PBXFileReference; lastKnownFileType = sourcecode.swift; path = FoodTrackerTests.swift; sourceTree = "<group>"; };
		93B975021E06C7E9007CC364 /* Info.plist */ = {isa = PBXFileReference; lastKnownFileType = text.plist.xml; path = Info.plist; sourceTree = "<group>"; };
/* End PBXFileReference section */

/* Begin PBXFrameworksBuildPhase section */
		93B974E51E06C7E7007CC364 /* Frameworks */ = {
			isa = PBXFrameworksBuildPhase;
			buildActionMask = 2147483647;
			files = (
			);
			runOnlyForDeploymentPostprocessing = 0;
		};
		93B974F91E06C7E8007CC364 /* Frameworks */ = {
			isa = PBXFrameworksBuildPhase;
			buildActionMask = 2147483647;
			files = (
			);
			runOnlyForDeploymentPostprocessing = 0;
		};
/* End PBXFrameworksBuildPhase section */

/* Begin PBXGroup section */
		93B974DF1E06C7E7007CC364 = {
			isa = PBXGroup;
			children = (
				93B974EA1E06C7E8007CC364 /* FoodTracker */,
				93B974FF1E06C7E9007CC364 /* FoodTrackerTests */,
				93B974E91E06C7E8007CC364 /* Products */,
			);
			sourceTree = "<group>";
		};
		93B974E91E06C7E8007CC364 /* Products */ = {
			isa = PBXGroup;
			children = (
				93B974E81E06C7E8007CC364 /* FoodTracker.app */,
				93B974FC1E06C7E8007CC364 /* FoodTrackerTests.xctest */,
			);
			name = Products;
			sourceTree = "<group>";
		};
		93B974EA1E06C7E8007CC364 /* FoodTracker */ = {
			isa = PBXGroup;
			children = (
				93B974EB1E06C7E8007CC364 /* AppDelegate.swift */,
				93B974ED1E06C7E8007CC364 /* MealViewController.swift */,
				9384AB2D1E1BC99400CA31B3 /* MealTableViewController.swift */,
				9384AB2B1E1BC5D200CA31B3 /* MealTableViewCell.swift */,
				9384AB271E1BA84000CA31B3 /* Meal.swift */,
				9328EC301E12BDDC00BED413 /* RatingControl.swift */,
				93B974EF1E06C7E8007CC364 /* Main.storyboard */,
				93B974F21E06C7E8007CC364 /* Assets.xcassets */,
				93B974F41E06C7E8007CC364 /* LaunchScreen.storyboard */,
				93B974F71E06C7E8007CC364 /* Info.plist */,
			);
			path = FoodTracker;
			sourceTree = "<group>";
		};
		93B974FF1E06C7E9007CC364 /* FoodTrackerTests */ = {
			isa = PBXGroup;
			children = (
				93B975001E06C7E9007CC364 /* FoodTrackerTests.swift */,
				93B975021E06C7E9007CC364 /* Info.plist */,
			);
			path = FoodTrackerTests;
			sourceTree = "<group>";
		};
/* End PBXGroup section */

/* Begin PBXNativeTarget section */
		93B974E71E06C7E7007CC364 /* FoodTracker */ = {
			isa = PBXNativeTarget;
			buildConfigurationList = 93B975051E06C7E9007CC364 /* Build configuration list for PBXNativeTarget "FoodTracker" */;
			buildPhases = (
				93B974E41E06C7E7007CC364 /* Sources */,
				93B974E51E06C7E7007CC364 /* Frameworks */,
				93B974E61E06C7E7007CC364 /* Resources */,
			);
			buildRules = (
			);
			dependencies = (
			);
			name = FoodTracker;
			productName = FoodTracker;
			productReference = 93B974E81E06C7E8007CC364 /* FoodTracker.app */;
			productType = "com.apple.product-type.application";
		};
		93B974FB1E06C7E8007CC364 /* FoodTrackerTests */ = {
			isa = PBXNativeTarget;
			buildConfigurationList = 93B975081E06C7E9007CC364 /* Build configuration list for PBXNativeTarget "FoodTrackerTests" */;
			buildPhases = (
				93B974F81E06C7E8007CC364 /* Sources */,
				93B974F91E06C7E8007CC364 /* Frameworks */,
				93B974FA1E06C7E8007CC364 /* Resources */,
			);
			buildRules = (
			);
			dependencies = (
				93B974FE1E06C7E9007CC364 /* PBXTargetDependency */,
			);
			name = FoodTrackerTests;
			productName = FoodTrackerTests;
			productReference = 93B974FC1E06C7E8007CC364 /* FoodTrackerTests.xctest */;
			productType = "com.apple.product-type.bundle.unit-test";
		};
/* End PBXNativeTarget section */

/* Begin PBXProject section */
		93B974E01E06C7E7007CC364 /* Project object */ = {
			isa = PBXProject;
			attributes = {
				LastSwiftUpdateCheck = 0820;
				LastUpgradeCheck = 0820;
				TargetAttributes = {
					93B974E71E06C7E7007CC364 = {
						CreatedOnToolsVersion = 8.2;
						ProvisioningStyle = Automatic;
					};
					93B974FB1E06C7E8007CC364 = {
						CreatedOnToolsVersion = 8.2;
						ProvisioningStyle = Automatic;
						TestTargetID = 93B974E71E06C7E7007CC364;
					};
				};
			};
			buildConfigurationList = 93B974E31E06C7E7007CC364 /* Build configuration list for PBXProject "FoodTracker" */;
			compatibilityVersion = "Xcode 3.2";
			developmentRegion = English;
			hasScannedForEncodings = 0;
			knownRegions = (
				en,
				Base,
			);
			mainGroup = 93B974DF1E06C7E7007CC364;
			productRefGroup = 93B974E91E06C7E8007CC364 /* Products */;
			projectDirPath = "";
			projectRoot = "";
			targets = (
				93B974E71E06C7E7007CC364 /* FoodTracker */,
				93B974FB1E06C7E8007CC364 /* FoodTrackerTests */,
			);
		};
/* End PBXProject section */

/* Begin PBXResourcesBuildPhase section */
		93B974E61E06C7E7007CC364 /* Resources */ = {
			isa = PBXResourcesBuildPhase;
			buildActionMask = 2147483647;
			files = (
				93B974F61E06C7E8007CC364 /* LaunchScreen.storyboard in Resources */,
				93B974F31E06C7E8007CC364 /* Assets.xcassets in Resources */,
				93B974F11E06C7E8007CC364 /* Main.storyboard in Resources */,
			);
			runOnlyForDeploymentPostprocessing = 0;
		};
		93B974FA1E06C7E8007CC364 /* Resources */ = {
			isa = PBXResourcesBuildPhase;
			buildActionMask = 2147483647;
			files = (
			);
			runOnlyForDeploymentPostprocessing = 0;
		};
/* End PBXResourcesBuildPhase section */

/* Begin PBXSourcesBuildPhase section */
		93B974E41E06C7E7007CC364 /* Sources */ = {
			isa = PBXSourcesBuildPhase;
			buildActionMask = 2147483647;
			files = (
				9384AB281E1BA84000CA31B3 /* Meal.swift in Sources */,
				93B974EE1E06C7E8007CC364 /* MealViewController.swift in Sources */,
				9328EC311E12BDDC00BED413 /* RatingControl.swift in Sources */,
				93B974EC1E06C7E8007CC364 /* AppDelegate.swift in Sources */,
				9384AB2E1E1BC99400CA31B3 /* MealTableViewController.swift in Sources */,
				9384AB2C1E1BC5D200CA31B3 /* MealTableViewCell.swift in Sources */,
			);
			runOnlyForDeploymentPostprocessing = 0;
		};
		93B974F81E06C7E8007CC364 /* Sources */ = {
			isa = PBXSourcesBuildPhase;
			buildActionMask = 2147483647;
			files = (
				93B975011E06C7E9007CC364 /* FoodTrackerTests.swift in Sources */,
			);
			runOnlyForDeploymentPostprocessing = 0;
		};
/* End PBXSourcesBuildPhase section */

/* Begin PBXTargetDependency section */
		93B974FE1E06C7E9007CC364 /* PBXTargetDependency */ = {
			isa = PBXTargetDependency;
			target = 93B974E71E06C7E7007CC364 /* FoodTracker */;
			targetProxy = 93B974FD1E06C7E9007CC364 /* PBXContainerItemProxy */;
		};
/* End PBXTargetDependency section */

/* Begin PBXVariantGroup section */
		93B974EF1E06C7E8007CC364 /* Main.storyboard */ = {
			isa = PBXVariantGroup;
			children = (
				93B974F01E06C7E8007CC364 /* Base */,
			);
			name = Main.storyboard;
			sourceTree = "<group>";
		};
		93B974F41E06C7E8007CC364 /* LaunchScreen.storyboard */ = {
			isa = PBXVariantGroup;
			children = (
				93B974F51E06C7E8007CC364 /* Base */,
			);
			name = LaunchScreen.storyboard;
			sourceTree = "<group>";
		};
/* End PBXVariantGroup section */

/* Begin XCBuildConfiguration section */
		93B975031E06C7E9007CC364 /* Debug */ = {
			isa = XCBuildConfiguration;
			buildSettings = {
				ALWAYS_SEARCH_USER_PATHS = NO;
				CLANG_ANALYZER_NONNULL = YES;
				CLANG_CXX_LANGUAGE_STANDARD = "gnu++0x";
				CLANG_CXX_LIBRARY = "libc++";
				CLANG_ENABLE_MODULES = YES;
				CLANG_ENABLE_OBJC_ARC = YES;
				CLANG_WARN_BOOL_CONVERSION = YES;
				CLANG_WARN_CONSTANT_CONVERSION = YES;
				CLANG_WARN_DIRECT_OBJC_ISA_USAGE = YES_ERROR;
				CLANG_WARN_DOCUMENTATION_COMMENTS = YES;
				CLANG_WARN_EMPTY_BODY = YES;
				CLANG_WARN_ENUM_CONVERSION = YES;
				CLANG_WARN_INFINITE_RECURSION = YES;
				CLANG_WARN_INT_CONVERSION = YES;
				CLANG_WARN_OBJC_ROOT_CLASS = YES_ERROR;
				CLANG_WARN_SUSPICIOUS_MOVE = YES;
				CLANG_WARN_UNREACHABLE_CODE = YES;
				CLANG_WARN__DUPLICATE_METHOD_MATCH = YES;
				"CODE_SIGN_IDENTITY[sdk=iphoneos*]" = "iPhone Developer";
				COPY_PHASE_STRIP = NO;
				DEBUG_INFORMATION_FORMAT = dwarf;
				ENABLE_STRICT_OBJC_MSGSEND = YES;
				ENABLE_TESTABILITY = YES;
				GCC_C_LANGUAGE_STANDARD = gnu99;
				GCC_DYNAMIC_NO_PIC = NO;
				GCC_NO_COMMON_BLOCKS = YES;
				GCC_OPTIMIZATION_LEVEL = 0;
				GCC_PREPROCESSOR_DEFINITIONS = (
					"DEBUG=1",
					"$(inherited)",
				);
				GCC_WARN_64_TO_32_BIT_CONVERSION = YES;
				GCC_WARN_ABOUT_RETURN_TYPE = YES_ERROR;
				GCC_WARN_UNDECLARED_SELECTOR = YES;
				GCC_WARN_UNINITIALIZED_AUTOS = YES_AGGRESSIVE;
				GCC_WARN_UNUSED_FUNCTION = YES;
				GCC_WARN_UNUSED_VARIABLE = YES;
				IPHONEOS_DEPLOYMENT_TARGET = 10.2;
				MTL_ENABLE_DEBUG_INFO = YES;
				ONLY_ACTIVE_ARCH = YES;
				SDKROOT = iphoneos;
				SWIFT_ACTIVE_COMPILATION_CONDITIONS = DEBUG;
				SWIFT_OPTIMIZATION_LEVEL = "-Onone";
				TARGETED_DEVICE_FAMILY = "1,2";
			};
			name = Debug;
		};
		93B975041E06C7E9007CC364 /* Release */ = {
			isa = XCBuildConfiguration;
			buildSettings = {
				ALWAYS_SEARCH_USER_PATHS = NO;
				CLANG_ANALYZER_NONNULL = YES;
				CLANG_CXX_LANGUAGE_STANDARD = "gnu++0x";
				CLANG_CXX_LIBRARY = "libc++";
				CLANG_ENABLE_MODULES = YES;
				CLANG_ENABLE_OBJC_ARC = YES;
				CLANG_WARN_BOOL_CONVERSION = YES;
				CLANG_WARN_CONSTANT_CONVERSION = YES;
				CLANG_WARN_DIRECT_OBJC_ISA_USAGE = YES_ERROR;
				CLANG_WARN_DOCUMENTATION_COMMENTS = YES;
				CLANG_WARN_EMPTY_BODY = YES;
				CLANG_WARN_ENUM_CONVERSION = YES;
				CLANG_WARN_INFINITE_RECURSION = YES;
				CLANG_WARN_INT_CONVERSION = YES;
				CLANG_WARN_OBJC_ROOT_CLASS = YES_ERROR;
				CLANG_WARN_SUSPICIOUS_MOVE = YES;
				CLANG_WARN_UNREACHABLE_CODE = YES;
				CLANG_WARN__DUPLICATE_METHOD_MATCH = YES;
				"CODE_SIGN_IDENTITY[sdk=iphoneos*]" = "iPhone Developer";
				COPY_PHASE_STRIP = NO;
				DEBUG_INFORMATION_FORMAT = "dwarf-with-dsym";
				ENABLE_NS_ASSERTIONS = NO;
				ENABLE_STRICT_OBJC_MSGSEND = YES;
				GCC_C_LANGUAGE_STANDARD = gnu99;
				GCC_NO_COMMON_BLOCKS = YES;
				GCC_WARN_64_TO_32_BIT_CONVERSION = YES;
				GCC_WARN_ABOUT_RETURN_TYPE = YES_ERROR;
				GCC_WARN_UNDECLARED_SELECTOR = YES;
				GCC_WARN_UNINITIALIZED_AUTOS = YES_AGGRESSIVE;
				GCC_WARN_UNUSED_FUNCTION = YES;
				GCC_WARN_UNUSED_VARIABLE = YES;
				IPHONEOS_DEPLOYMENT_TARGET = 10.2;
				MTL_ENABLE_DEBUG_INFO = NO;
				SDKROOT = iphoneos;
				SWIFT_OPTIMIZATION_LEVEL = "-Owholemodule";
				TARGETED_DEVICE_FAMILY = "1,2";
				VALIDATE_PRODUCT = YES;
			};
			name = Release;
		};
		93B975061E06C7E9007CC364 /* Debug */ = {
			isa = XCBuildConfiguration;
			buildSettings = {
				ASSETCATALOG_COMPILER_APPICON_NAME = AppIcon;
				INFOPLIST_FILE = FoodTracker/Info.plist;
				LD_RUNPATH_SEARCH_PATHS = "$(inherited) @executable_path/Frameworks";
				PRODUCT_BUNDLE_IDENTIFIER = com.example.FoodTracker;
				PRODUCT_NAME = "$(TARGET_NAME)";
				SWIFT_VERSION = 3.0;
			};
			name = Debug;
		};
		93B975071E06C7E9007CC364 /* Release */ = {
			isa = XCBuildConfiguration;
			buildSettings = {
				ASSETCATALOG_COMPILER_APPICON_NAME = AppIcon;
				INFOPLIST_FILE = FoodTracker/Info.plist;
				LD_RUNPATH_SEARCH_PATHS = "$(inherited) @executable_path/Frameworks";
				PRODUCT_BUNDLE_IDENTIFIER = com.example.FoodTracker;
				PRODUCT_NAME = "$(TARGET_NAME)";
				SWIFT_VERSION = 3.0;
			};
			name = Release;
		};
		93B975091E06C7E9007CC364 /* Debug */ = {
			isa = XCBuildConfiguration;
			buildSettings = {
				ALWAYS_EMBED_SWIFT_STANDARD_LIBRARIES = YES;
				BUNDLE_LOADER = "$(TEST_HOST)";
				INFOPLIST_FILE = FoodTrackerTests/Info.plist;
				LD_RUNPATH_SEARCH_PATHS = "$(inherited) @executable_path/Frameworks @loader_path/Frameworks";
				PRODUCT_BUNDLE_IDENTIFIER = com.example.FoodTrackerTests;
				PRODUCT_NAME = "$(TARGET_NAME)";
				SWIFT_VERSION = 3.0;
				TEST_HOST = "$(BUILT_PRODUCTS_DIR)/FoodTracker.app/FoodTracker";
			};
			name = Debug;
		};
		93B9750A1E06C7E9007CC364 /* Release */ = {
			isa = XCBuildConfiguration;
			buildSettings = {
				ALWAYS_EMBED_SWIFT_STANDARD_LIBRARIES = YES;
				BUNDLE_LOADER = "$(TEST_HOST)";
				INFOPLIST_FILE = FoodTrackerTests/Info.plist;
				LD_RUNPATH_SEARCH_PATHS = "$(inherited) @executable_path/Frameworks @loader_path/Frameworks";
				PRODUCT_BUNDLE_IDENTIFIER = com.example.FoodTrackerTests;
				PRODUCT_NAME = "$(TARGET_NAME)";
				SWIFT_VERSION = 3.0;
				TEST_HOST = "$(BUILT_PRODUCTS_DIR)/FoodTracker.app/FoodTracker";
			};
			name = Release;
		};
/* End XCBuildConfiguration section */

/* Begin XCConfigurationList section */
		93B974E31E06C7E7007CC364 /* Build configuration list for PBXProject "FoodTracker" */ = {
			isa = XCConfigurationList;
			buildConfigurations = (
				93B975031E06C7E9007CC364 /* Debug */,
				93B975041E06C7E9007CC364 /* Release */,
			);
			defaultConfigurationIsVisible = 0;
			defaultConfigurationName = Release;
		};
		93B975051E06C7E9007CC364 /* Build configuration list for PBXNativeTarget "FoodTracker" */ = {
			isa = XCConfigurationList;
			buildConfigurations = (
				93B975061E06C7E9007CC364 /* Debug */,
				93B975071E06C7E9007CC364 /* Release */,
			);
			defaultConfigurationIsVisible = 0;
			defaultConfigurationName = Release;
		};
		93B975081E06C7E9007CC364 /* Build configuration list for PBXNativeTarget "FoodTrackerTests" */ = {
			isa = XCConfigurationList;
			buildConfigurations = (
				93B975091E06C7E9007CC364 /* Debug */,
				93B9750A1E06C7E9007CC364 /* Release */,
			);
			defaultConfigurationIsVisible = 0;
			defaultConfigurationName = Release;
		};
/* End XCConfigurationList section */
	};
	rootObject = 93B974E01E06C7E7007CC364 /* Project object */;
}
